{
    "_readme": [
        "This file locks the dependencies of your project to a known state",
        "Read more about it at https://getcomposer.org/doc/01-basic-usage.md#installing-dependencies",
        "This file is @generated automatically"
    ],
    "content-hash": "50bb253239568477dcdfe22337c36f27",
    "packages": [
        {
            "name": "publishpress/instance-protection",
            "version": "v1.0.3",
            "source": {
                "type": "git",
                "url": "https://github.com/publishpress/library-instance-protection.git",
                "reference": "6a4e7038c95fac43264b1d61a5cdae2b1e3cc4ee"
            },
            "dist": {
                "type": "zip",
                "url": "https://api.github.com/repos/publishpress/library-instance-protection/zipball/6a4e7038c95fac43264b1d61a5cdae2b1e3cc4ee",
                "reference": "6a4e7038c95fac43264b1d61a5cdae2b1e3cc4ee",
                "shasum": ""
            },
            "require": {
                "php": ">=5.6.20"
            },
            "type": "library",
            "notification-url": "https://packagist.org/downloads/",
            "license": [
                "GPL-3.0-or-later"
            ],
            "authors": [
                {
                    "name": "PublishPress",
                    "email": "help@publishpress.com"
                }
            ],
            "description": "Library for protecting WordPress plugins to run twice.",
            "homepage": "http://publishpress.com/",
            "keywords": [
                "wordpress plugin"
            ],
            "support": {
                "issues": "https://github.com/publishpress/library-instance-protection/issues",
                "source": "https://github.com/publishpress/library-instance-protection/tree/v1.0.3"
            },
            "time": "2022-10-28T16:14:03+00:00"
        }
    ],
    "packages-dev": [],
    "aliases": [],
    "minimum-stability": "stable",
    "stability-flags": [],
    "prefer-stable": true,
    "prefer-lowest": false,
    "platform": {
        "php": ">=7.2.5",
        "ext-json": "*"
    },
    "platform-dev": [],
    "plugin-api-version": "2.3.0"
}
